{
  "name": "server",
  "version": "1.0.0",
  "lockfileVersion": 3,
  "requires": true,
  "packages": {
    "": {
      "name": "server",
      "version": "1.0.0",
      "license": "ISC",
      "dependencies": {
        "hono": "^3.8.3"
      }
    },
    "node_modules/hono": {
      "version": "3.8.3",
      "resolved": "https://registry.npmjs.org/hono/-/hono-3.8.3.tgz",
      "integrity": "sha512-NLJgUCKKMvijBy+V+U1FQTsNwHk2bD1KGlWJA9+qaCNWgx5St9bhfQwxrpcTGvG2Gi2naemTWCzBavDNXOqO6Q==",
      "engines": {
        "node": ">=16.0.0"
      }
    }
  }
}
