{
  "name": "server",
  "version": "1.0.0",
  "lockfileVersion": 3,
  "requires": true,
  "packages": {
    "": {
      "name": "server",
      "version": "1.0.0",
      "license": "ISC",
      "dependencies": {
        "@hono/node-server": "^1.2.0",
        "hono": "^3.8.3"
      }
    },
    "node_modules/@hono/node-server": {
      "version": "1.2.0",
      "resolved": "https://registry.npmjs.org/@hono/node-server/-/node-server-1.2.0.tgz",
      "integrity": "sha512-aHT8lDMLpd7ioXJ1/057+h+oE/k7rCOWmjklYDsE0jE4CoNB9XzG4f8dRHvw4s5HJFocaYDiGgYM/V0kYbQ0ww==",
      "engines": {
        "node": ">=18.0.0"
      }
    },
    "node_modules/hono": {
      "version": "3.8.3",
      "resolved": "https://registry.npmjs.org/hono/-/hono-3.8.3.tgz",
      "integrity": "sha512-NLJgUCKKMvijBy+V+U1FQTsNwHk2bD1KGlWJA9+qaCNWgx5St9bhfQwxrpcTGvG2Gi2naemTWCzBavDNXOqO6Q==",
      "engines": {
        "node": ">=16.0.0"
      }
    }
  }
}
